// !$*UTF8*$!
{
	archiveVersion = 1;
	classes = {
	};
	objectVersion = 55;
	objects = {

/* Begin PBXBuildFile section */
		580C6A19287E070E00EA8D70 /* PeekCreditView.swift in Sources */ = {isa = PBXBuildFile; fileRef = 580C6A18287E070E00EA8D70 /* PeekCreditView.swift */; };
		581A5AB42886F27400F2FB30 /* NotificationManager.swift in Sources */ = {isa = PBXBuildFile; fileRef = 581A5AB32886F27400F2FB30 /* NotificationManager.swift */; };
		581A5AB72887484200F2FB30 /* FirebaseAnalytics in Frameworks */ = {isa = PBXBuildFile; productRef = 581A5AB62887484200F2FB30 /* FirebaseAnalytics */; };
		581A5AB92887484200F2FB30 /* FirebaseAuth in Frameworks */ = {isa = PBXBuildFile; productRef = 581A5AB82887484200F2FB30 /* FirebaseAuth */; };
		581A5ABB2887484200F2FB30 /* FirebaseFirestore in Frameworks */ = {isa = PBXBuildFile; productRef = 581A5ABA2887484200F2FB30 /* FirebaseFirestore */; };
		581A5ABD2887484200F2FB30 /* FirebaseFirestoreSwift in Frameworks */ = {isa = PBXBuildFile; productRef = 581A5ABC2887484200F2FB30 /* FirebaseFirestoreSwift */; };
		581A5ABF2887484200F2FB30 /* FirebaseMessaging in Frameworks */ = {isa = PBXBuildFile; productRef = 581A5ABE2887484200F2FB30 /* FirebaseMessaging */; };
		581A5AC12887484200F2FB30 /* FirebaseStorage in Frameworks */ = {isa = PBXBuildFile; productRef = 581A5AC02887484200F2FB30 /* FirebaseStorage */; };
		582D832528747A58002B153E /* UserViewModel.swift in Sources */ = {isa = PBXBuildFile; fileRef = 582D832428747A58002B153E /* UserViewModel.swift */; };
		582D832E2874908A002B153E /* ProfilePictureSelectorView.swift in Sources */ = {isa = PBXBuildFile; fileRef = 582D832D2874908A002B153E /* ProfilePictureSelectorView.swift */; };
		585DD2A82876CD800079E887 /* DebtService.swift in Sources */ = {isa = PBXBuildFile; fileRef = 585DD2A72876CD800079E887 /* DebtService.swift */; };
		585DD2AA2876D3530079E887 /* Debt.swift in Sources */ = {isa = PBXBuildFile; fileRef = 585DD2A92876D3530079E887 /* Debt.swift */; };
		585DD2AC2876D35A0079E887 /* Credit.swift in Sources */ = {isa = PBXBuildFile; fileRef = 585DD2AB2876D35A0079E887 /* Credit.swift */; };
		5886D3BE28355FB60044938C /* SaturdayApp.swift in Sources */ = {isa = PBXBuildFile; fileRef = 5886D3BD28355FB60044938C /* SaturdayApp.swift */; };
		5886D3C028355FB60044938C /* ContentView.swift in Sources */ = {isa = PBXBuildFile; fileRef = 5886D3BF28355FB60044938C /* ContentView.swift */; };
		5886D3C228355FB80044938C /* Assets.xcassets in Resources */ = {isa = PBXBuildFile; fileRef = 5886D3C128355FB80044938C /* Assets.xcassets */; };
		5886D3C528355FB80044938C /* Preview Assets.xcassets in Resources */ = {isa = PBXBuildFile; fileRef = 5886D3C428355FB80044938C /* Preview Assets.xcassets */; };
		5886D3CC283567CD0044938C /* Extensions.swift in Sources */ = {isa = PBXBuildFile; fileRef = 5886D3CB283567CD0044938C /* Extensions.swift */; };
		588848E328815525000CD17B /* NavBarView.swift in Sources */ = {isa = PBXBuildFile; fileRef = 588848E228815525000CD17B /* NavBarView.swift */; };
		589820DA2856637400719CCE /* SaturdayLogo.swift in Sources */ = {isa = PBXBuildFile; fileRef = 589820D92856637300719CCE /* SaturdayLogo.swift */; };
		589820DC28566AE400719CCE /* SignUpView.swift in Sources */ = {isa = PBXBuildFile; fileRef = 589820DB28566AE300719CCE /* SignUpView.swift */; };
		58AFC05E287EEC82008AB208 /* BottomBarView.swift in Sources */ = {isa = PBXBuildFile; fileRef = 58AFC05D287EEC82008AB208 /* BottomBarView.swift */; };
		58B3312E287343D500C64E78 /* SideMenuView.swift in Sources */ = {isa = PBXBuildFile; fileRef = 58B3312D287343D500C64E78 /* SideMenuView.swift */; };
		58B33130287343E000C64E78 /* SideMenuHeaderView.swift in Sources */ = {isa = PBXBuildFile; fileRef = 58B3312F287343E000C64E78 /* SideMenuHeaderView.swift */; };
		58B331322873443400C64E78 /* SideMenuOptionView.swift in Sources */ = {isa = PBXBuildFile; fileRef = 58B331312873443400C64E78 /* SideMenuOptionView.swift */; };
		58B331382873712400C64E78 /* DebtCardView.swift in Sources */ = {isa = PBXBuildFile; fileRef = 58B331372873712400C64E78 /* DebtCardView.swift */; };
		58B6194428855B790008BC72 /* Tracker.swift in Sources */ = {isa = PBXBuildFile; fileRef = 58B6194328855B780008BC72 /* Tracker.swift */; };
		58BA174E287ABAB100B68D55 /* ArchiveService.swift in Sources */ = {isa = PBXBuildFile; fileRef = 58BA174D287ABAB100B68D55 /* ArchiveService.swift */; };
		58BA1750287ABADC00B68D55 /* Archive.swift in Sources */ = {isa = PBXBuildFile; fileRef = 58BA174F287ABADC00B68D55 /* Archive.swift */; };
		58BF9C8B2880AD0C00756B58 /* HistoryCardView.swift in Sources */ = {isa = PBXBuildFile; fileRef = 58BF9C8A2880AD0C00756B58 /* HistoryCardView.swift */; };
		58CE63E12874950200DF2C77 /* ImagePicker.swift in Sources */ = {isa = PBXBuildFile; fileRef = 58CE63E02874950200DF2C77 /* ImagePicker.swift */; };
		58CE63E32874A5B300DF2C77 /* ImageUploader.swift in Sources */ = {isa = PBXBuildFile; fileRef = 58CE63E22874A5B300DF2C77 /* ImageUploader.swift */; };
		58CE63E52874AC2400DF2C77 /* UserService.swift in Sources */ = {isa = PBXBuildFile; fileRef = 58CE63E42874AC2400DF2C77 /* UserService.swift */; };
		58CE641F2874ADF500DF2C77 /* User.swift in Sources */ = {isa = PBXBuildFile; fileRef = 58CE641E2874ADF500DF2C77 /* User.swift */; };
		58CE642B2874B4F100DF2C77 /* Kingfisher in Frameworks */ = {isa = PBXBuildFile; productRef = 58CE642A2874B4F100DF2C77 /* Kingfisher */; };
		58CE64302874BD2E00DF2C77 /* FriendsView.swift in Sources */ = {isa = PBXBuildFile; fileRef = 58CE642F2874BD2E00DF2C77 /* FriendsView.swift */; };
		58CE64322874BD7600DF2C77 /* UserRowView.swift in Sources */ = {isa = PBXBuildFile; fileRef = 58CE64312874BD7600DF2C77 /* UserRowView.swift */; };
		58CE64352874C9C600DF2C77 /* SearchBar.swift in Sources */ = {isa = PBXBuildFile; fileRef = 58CE64342874C9C600DF2C77 /* SearchBar.swift */; };
		58CE643B287583E900DF2C77 /* AddUserRowView.swift in Sources */ = {isa = PBXBuildFile; fileRef = 58CE643A287583E800DF2C77 /* AddUserRowView.swift */; };
		58CE643E2875882000DF2C77 /* AddUserView.swift in Sources */ = {isa = PBXBuildFile; fileRef = 58CE643D2875882000DF2C77 /* AddUserView.swift */; };
		58CE644028758CB900DF2C77 /* UserCardView.swift in Sources */ = {isa = PBXBuildFile; fileRef = 58CE643F28758CB800DF2C77 /* UserCardView.swift */; };
		58CE64422875933B00DF2C77 /* SplitView.swift in Sources */ = {isa = PBXBuildFile; fileRef = 58CE64412875933B00DF2C77 /* SplitView.swift */; };
		58CE6444287596DC00DF2C77 /* ItemCardView.swift in Sources */ = {isa = PBXBuildFile; fileRef = 58CE6443287596DC00DF2C77 /* ItemCardView.swift */; };
		58CE64462875D53700DF2C77 /* Item.swift in Sources */ = {isa = PBXBuildFile; fileRef = 58CE64452875D53700DF2C77 /* Item.swift */; };
		58CE644828762F7800DF2C77 /* SentView.swift in Sources */ = {isa = PBXBuildFile; fileRef = 58CE644728762F7500DF2C77 /* SentView.swift */; };
		58D8762C28774D860046D716 /* UserCartView.swift in Sources */ = {isa = PBXBuildFile; fileRef = 58D8762B28774D860046D716 /* UserCartView.swift */; };
		58D8762E287789D70046D716 /* PaymentView.swift in Sources */ = {isa = PBXBuildFile; fileRef = 58D8762D287789D70046D716 /* PaymentView.swift */; };
		58FA37B12876EB2F00988F37 /* CreditService.swift in Sources */ = {isa = PBXBuildFile; fileRef = 58FA37B02876EB2F00988F37 /* CreditService.swift */; };
		58FA37B328770D7F00988F37 /* CreditCardView.swift in Sources */ = {isa = PBXBuildFile; fileRef = 58FA37B228770D7F00988F37 /* CreditCardView.swift */; };
		58FA37B52877119500988F37 /* SettleDebtView.swift in Sources */ = {isa = PBXBuildFile; fileRef = 58FA37B42877119500988F37 /* SettleDebtView.swift */; };
		B0084728285381E60081CFFF /* LogInView.swift in Sources */ = {isa = PBXBuildFile; fileRef = B0084727285381E60081CFFF /* LogInView.swift */; };
		B032CB562864A384003FB01F /* TextExtractionModel.swift in Sources */ = {isa = PBXBuildFile; fileRef = B032CB552864A384003FB01F /* TextExtractionModel.swift */; };
		B032CB582864A845003FB01F /* TextProcessor.swift in Sources */ = {isa = PBXBuildFile; fileRef = B032CB572864A845003FB01F /* TextProcessor.swift */; };
		B09838642853A89900FB93FC /* Preview Data.swift in Sources */ = {isa = PBXBuildFile; fileRef = B09838632853A89900FB93FC /* Preview Data.swift */; };
		B0ADE1EE286CD5D60039D0C1 /* SplitViewOld.swift in Sources */ = {isa = PBXBuildFile; fileRef = B0ADE1ED286CD5D60039D0C1 /* SplitViewOld.swift */; };
		B0ADE1F1286CD6190039D0C1 /* CartView.swift in Sources */ = {isa = PBXBuildFile; fileRef = B0ADE1F0286CD6190039D0C1 /* CartView.swift */; };
		B0ADE1F3286CD62E0039D0C1 /* ConfirmView.swift in Sources */ = {isa = PBXBuildFile; fileRef = B0ADE1F2286CD62E0039D0C1 /* ConfirmView.swift */; };
		B0ADE1F5286CD6400039D0C1 /* SentViewOld.swift in Sources */ = {isa = PBXBuildFile; fileRef = B0ADE1F4286CD6400039D0C1 /* SentViewOld.swift */; };
		B0ADE1F7286CD6510039D0C1 /* AddUserViewOld.swift in Sources */ = {isa = PBXBuildFile; fileRef = B0ADE1F6286CD6510039D0C1 /* AddUserViewOld.swift */; };
		B0ADE1FA286CD67C0039D0C1 /* UserCard.swift in Sources */ = {isa = PBXBuildFile; fileRef = B0ADE1F9286CD67C0039D0C1 /* UserCard.swift */; };
		B0ADE1FC286CD6890039D0C1 /* UserRow.swift in Sources */ = {isa = PBXBuildFile; fileRef = B0ADE1FB286CD6890039D0C1 /* UserRow.swift */; };
		B0ADE1FE286CD6960039D0C1 /* ItemCard.swift in Sources */ = {isa = PBXBuildFile; fileRef = B0ADE1FD286CD6960039D0C1 /* ItemCard.swift */; };
		B0ADE200286CD6A60039D0C1 /* ItemRow.swift in Sources */ = {isa = PBXBuildFile; fileRef = B0ADE1FF286CD6A60039D0C1 /* ItemRow.swift */; };
		B0ADE204286CD70F0039D0C1 /* ItemOld.swift in Sources */ = {isa = PBXBuildFile; fileRef = B0ADE203286CD70F0039D0C1 /* ItemOld.swift */; };
		B0ADE206286CD71D0039D0C1 /* UserOld.swift in Sources */ = {isa = PBXBuildFile; fileRef = B0ADE205286CD71D0039D0C1 /* UserOld.swift */; };
		B0ADE208286CD72A0039D0C1 /* CartManager.swift in Sources */ = {isa = PBXBuildFile; fileRef = B0ADE207286CD72A0039D0C1 /* CartManager.swift */; };
		B0ADE20B286CD7870039D0C1 /* HomeView.swift in Sources */ = {isa = PBXBuildFile; fileRef = B0ADE20A286CD7870039D0C1 /* HomeView.swift */; };
		B0ADE210286CD7B10039D0C1 /* Transaction.swift in Sources */ = {isa = PBXBuildFile; fileRef = B0ADE20F286CD7B10039D0C1 /* Transaction.swift */; };
		B0ADE216286CD9180039D0C1 /* ImagePickerOld.swift in Sources */ = {isa = PBXBuildFile; fileRef = B0ADE215286CD9180039D0C1 /* ImagePickerOld.swift */; };
		B0C73C552868FA37003CCE92 /* GoogleService-Info.plist in Resources */ = {isa = PBXBuildFile; fileRef = B0C73C542868FA37003CCE92 /* GoogleService-Info.plist */; };
/* End PBXBuildFile section */

/* Begin PBXFileReference section */
		5806C6EA2886E2A700B9F907 /* Saturday.entitlements */ = {isa = PBXFileReference; lastKnownFileType = text.plist.entitlements; path = Saturday.entitlements; sourceTree = "<group>"; };
		5806C6EB2886E2B800B9F907 /* Info.plist */ = {isa = PBXFileReference; lastKnownFileType = text.plist; path = Info.plist; sourceTree = "<group>"; };
		580C6A18287E070E00EA8D70 /* PeekCreditView.swift */ = {isa = PBXFileReference; lastKnownFileType = sourcecode.swift; path = PeekCreditView.swift; sourceTree = "<group>"; };
		581A5AB32886F27400F2FB30 /* NotificationManager.swift */ = {isa = PBXFileReference; lastKnownFileType = sourcecode.swift; path = NotificationManager.swift; sourceTree = "<group>"; };
		582D832428747A58002B153E /* UserViewModel.swift */ = {isa = PBXFileReference; lastKnownFileType = sourcecode.swift; path = UserViewModel.swift; sourceTree = "<group>"; };
		582D832D2874908A002B153E /* ProfilePictureSelectorView.swift */ = {isa = PBXFileReference; lastKnownFileType = sourcecode.swift; path = ProfilePictureSelectorView.swift; sourceTree = "<group>"; };
		585DD2A72876CD800079E887 /* DebtService.swift */ = {isa = PBXFileReference; lastKnownFileType = sourcecode.swift; path = DebtService.swift; sourceTree = "<group>"; };
		585DD2A92876D3530079E887 /* Debt.swift */ = {isa = PBXFileReference; lastKnownFileType = sourcecode.swift; path = Debt.swift; sourceTree = "<group>"; };
		585DD2AB2876D35A0079E887 /* Credit.swift */ = {isa = PBXFileReference; lastKnownFileType = sourcecode.swift; path = Credit.swift; sourceTree = "<group>"; };
		5886D3BA28355FB60044938C /* Saturday.app */ = {isa = PBXFileReference; explicitFileType = wrapper.application; includeInIndex = 0; path = Saturday.app; sourceTree = BUILT_PRODUCTS_DIR; };
		5886D3BD28355FB60044938C /* SaturdayApp.swift */ = {isa = PBXFileReference; lastKnownFileType = sourcecode.swift; path = SaturdayApp.swift; sourceTree = "<group>"; };
		5886D3BF28355FB60044938C /* ContentView.swift */ = {isa = PBXFileReference; lastKnownFileType = sourcecode.swift; path = ContentView.swift; sourceTree = "<group>"; };
		5886D3C128355FB80044938C /* Assets.xcassets */ = {isa = PBXFileReference; lastKnownFileType = folder.assetcatalog; path = Assets.xcassets; sourceTree = "<group>"; };
		5886D3C428355FB80044938C /* Preview Assets.xcassets */ = {isa = PBXFileReference; lastKnownFileType = folder.assetcatalog; path = "Preview Assets.xcassets"; sourceTree = "<group>"; };
		5886D3CB283567CD0044938C /* Extensions.swift */ = {isa = PBXFileReference; lastKnownFileType = sourcecode.swift; path = Extensions.swift; sourceTree = "<group>"; };
		588848E228815525000CD17B /* NavBarView.swift */ = {isa = PBXFileReference; lastKnownFileType = sourcecode.swift; path = NavBarView.swift; sourceTree = "<group>"; };
		589820D92856637300719CCE /* SaturdayLogo.swift */ = {isa = PBXFileReference; lastKnownFileType = sourcecode.swift; path = SaturdayLogo.swift; sourceTree = "<group>"; };
		589820DB28566AE300719CCE /* SignUpView.swift */ = {isa = PBXFileReference; lastKnownFileType = sourcecode.swift; path = SignUpView.swift; sourceTree = "<group>"; };
		58AFC05D287EEC82008AB208 /* BottomBarView.swift */ = {isa = PBXFileReference; lastKnownFileType = sourcecode.swift; path = BottomBarView.swift; sourceTree = "<group>"; };
		58B3312D287343D500C64E78 /* SideMenuView.swift */ = {isa = PBXFileReference; lastKnownFileType = sourcecode.swift; path = SideMenuView.swift; sourceTree = "<group>"; };
		58B3312F287343E000C64E78 /* SideMenuHeaderView.swift */ = {isa = PBXFileReference; lastKnownFileType = sourcecode.swift; path = SideMenuHeaderView.swift; sourceTree = "<group>"; };
		58B331312873443400C64E78 /* SideMenuOptionView.swift */ = {isa = PBXFileReference; lastKnownFileType = sourcecode.swift; path = SideMenuOptionView.swift; sourceTree = "<group>"; };
		58B331372873712400C64E78 /* DebtCardView.swift */ = {isa = PBXFileReference; lastKnownFileType = sourcecode.swift; path = DebtCardView.swift; sourceTree = "<group>"; };
		58B6194328855B780008BC72 /* Tracker.swift */ = {isa = PBXFileReference; lastKnownFileType = sourcecode.swift; path = Tracker.swift; sourceTree = "<group>"; };
		58BA174D287ABAB100B68D55 /* ArchiveService.swift */ = {isa = PBXFileReference; lastKnownFileType = sourcecode.swift; path = ArchiveService.swift; sourceTree = "<group>"; };
		58BA174F287ABADC00B68D55 /* Archive.swift */ = {isa = PBXFileReference; lastKnownFileType = sourcecode.swift; path = Archive.swift; sourceTree = "<group>"; };
		58BF9C8A2880AD0C00756B58 /* HistoryCardView.swift */ = {isa = PBXFileReference; lastKnownFileType = sourcecode.swift; path = HistoryCardView.swift; sourceTree = "<group>"; };
		58CE63E02874950200DF2C77 /* ImagePicker.swift */ = {isa = PBXFileReference; lastKnownFileType = sourcecode.swift; path = ImagePicker.swift; sourceTree = "<group>"; };
		58CE63E22874A5B300DF2C77 /* ImageUploader.swift */ = {isa = PBXFileReference; lastKnownFileType = sourcecode.swift; path = ImageUploader.swift; sourceTree = "<group>"; };
		58CE63E42874AC2400DF2C77 /* UserService.swift */ = {isa = PBXFileReference; lastKnownFileType = sourcecode.swift; path = UserService.swift; sourceTree = "<group>"; };
		58CE641E2874ADF500DF2C77 /* User.swift */ = {isa = PBXFileReference; lastKnownFileType = sourcecode.swift; path = User.swift; sourceTree = "<group>"; };
		58CE642F2874BD2E00DF2C77 /* FriendsView.swift */ = {isa = PBXFileReference; lastKnownFileType = sourcecode.swift; path = FriendsView.swift; sourceTree = "<group>"; };
		58CE64312874BD7600DF2C77 /* UserRowView.swift */ = {isa = PBXFileReference; lastKnownFileType = sourcecode.swift; path = UserRowView.swift; sourceTree = "<group>"; };
		58CE64342874C9C600DF2C77 /* SearchBar.swift */ = {isa = PBXFileReference; lastKnownFileType = sourcecode.swift; path = SearchBar.swift; sourceTree = "<group>"; };
		58CE643A287583E800DF2C77 /* AddUserRowView.swift */ = {isa = PBXFileReference; lastKnownFileType = sourcecode.swift; path = AddUserRowView.swift; sourceTree = "<group>"; };
		58CE643D2875882000DF2C77 /* AddUserView.swift */ = {isa = PBXFileReference; lastKnownFileType = sourcecode.swift; path = AddUserView.swift; sourceTree = "<group>"; };
		58CE643F28758CB800DF2C77 /* UserCardView.swift */ = {isa = PBXFileReference; lastKnownFileType = sourcecode.swift; path = UserCardView.swift; sourceTree = "<group>"; };
		58CE64412875933B00DF2C77 /* SplitView.swift */ = {isa = PBXFileReference; lastKnownFileType = sourcecode.swift; path = SplitView.swift; sourceTree = "<group>"; };
		58CE6443287596DC00DF2C77 /* ItemCardView.swift */ = {isa = PBXFileReference; lastKnownFileType = sourcecode.swift; path = ItemCardView.swift; sourceTree = "<group>"; };
		58CE64452875D53700DF2C77 /* Item.swift */ = {isa = PBXFileReference; lastKnownFileType = sourcecode.swift; path = Item.swift; sourceTree = "<group>"; };
		58CE644728762F7500DF2C77 /* SentView.swift */ = {isa = PBXFileReference; lastKnownFileType = sourcecode.swift; path = SentView.swift; sourceTree = "<group>"; };
		58D8762B28774D860046D716 /* UserCartView.swift */ = {isa = PBXFileReference; lastKnownFileType = sourcecode.swift; path = UserCartView.swift; sourceTree = "<group>"; };
		58D8762D287789D70046D716 /* PaymentView.swift */ = {isa = PBXFileReference; lastKnownFileType = sourcecode.swift; path = PaymentView.swift; sourceTree = "<group>"; };
		58FA37B02876EB2F00988F37 /* CreditService.swift */ = {isa = PBXFileReference; lastKnownFileType = sourcecode.swift; path = CreditService.swift; sourceTree = "<group>"; };
		58FA37B228770D7F00988F37 /* CreditCardView.swift */ = {isa = PBXFileReference; lastKnownFileType = sourcecode.swift; path = CreditCardView.swift; sourceTree = "<group>"; };
		58FA37B42877119500988F37 /* SettleDebtView.swift */ = {isa = PBXFileReference; lastKnownFileType = sourcecode.swift; path = SettleDebtView.swift; sourceTree = "<group>"; };
		B0084727285381E60081CFFF /* LogInView.swift */ = {isa = PBXFileReference; lastKnownFileType = sourcecode.swift; path = LogInView.swift; sourceTree = "<group>"; };
		B032CB552864A384003FB01F /* TextExtractionModel.swift */ = {isa = PBXFileReference; lastKnownFileType = sourcecode.swift; path = TextExtractionModel.swift; sourceTree = "<group>"; };
		B032CB572864A845003FB01F /* TextProcessor.swift */ = {isa = PBXFileReference; lastKnownFileType = sourcecode.swift; path = TextProcessor.swift; sourceTree = "<group>"; };
		B09838632853A89900FB93FC /* Preview Data.swift */ = {isa = PBXFileReference; lastKnownFileType = sourcecode.swift; path = "Preview Data.swift"; sourceTree = "<group>"; };
		B0ADE1ED286CD5D60039D0C1 /* SplitViewOld.swift */ = {isa = PBXFileReference; lastKnownFileType = sourcecode.swift; path = SplitViewOld.swift; sourceTree = "<group>"; };
		B0ADE1F0286CD6190039D0C1 /* CartView.swift */ = {isa = PBXFileReference; lastKnownFileType = sourcecode.swift; path = CartView.swift; sourceTree = "<group>"; };
		B0ADE1F2286CD62E0039D0C1 /* ConfirmView.swift */ = {isa = PBXFileReference; lastKnownFileType = sourcecode.swift; path = ConfirmView.swift; sourceTree = "<group>"; };
		B0ADE1F4286CD6400039D0C1 /* SentViewOld.swift */ = {isa = PBXFileReference; lastKnownFileType = sourcecode.swift; path = SentViewOld.swift; sourceTree = "<group>"; };
		B0ADE1F6286CD6510039D0C1 /* AddUserViewOld.swift */ = {isa = PBXFileReference; lastKnownFileType = sourcecode.swift; path = AddUserViewOld.swift; sourceTree = "<group>"; };
		B0ADE1F9286CD67C0039D0C1 /* UserCard.swift */ = {isa = PBXFileReference; lastKnownFileType = sourcecode.swift; path = UserCard.swift; sourceTree = "<group>"; };
		B0ADE1FB286CD6890039D0C1 /* UserRow.swift */ = {isa = PBXFileReference; lastKnownFileType = sourcecode.swift; path = UserRow.swift; sourceTree = "<group>"; };
		B0ADE1FD286CD6960039D0C1 /* ItemCard.swift */ = {isa = PBXFileReference; lastKnownFileType = sourcecode.swift; path = ItemCard.swift; sourceTree = "<group>"; };
		B0ADE1FF286CD6A60039D0C1 /* ItemRow.swift */ = {isa = PBXFileReference; lastKnownFileType = sourcecode.swift; path = ItemRow.swift; sourceTree = "<group>"; };
		B0ADE203286CD70F0039D0C1 /* ItemOld.swift */ = {isa = PBXFileReference; lastKnownFileType = sourcecode.swift; path = ItemOld.swift; sourceTree = "<group>"; };
		B0ADE205286CD71D0039D0C1 /* UserOld.swift */ = {isa = PBXFileReference; lastKnownFileType = sourcecode.swift; path = UserOld.swift; sourceTree = "<group>"; };
		B0ADE207286CD72A0039D0C1 /* CartManager.swift */ = {isa = PBXFileReference; lastKnownFileType = sourcecode.swift; path = CartManager.swift; sourceTree = "<group>"; };
		B0ADE20A286CD7870039D0C1 /* HomeView.swift */ = {isa = PBXFileReference; lastKnownFileType = sourcecode.swift; path = HomeView.swift; sourceTree = "<group>"; };
		B0ADE20F286CD7B10039D0C1 /* Transaction.swift */ = {isa = PBXFileReference; lastKnownFileType = sourcecode.swift; path = Transaction.swift; sourceTree = "<group>"; };
		B0ADE215286CD9180039D0C1 /* ImagePickerOld.swift */ = {isa = PBXFileReference; lastKnownFileType = sourcecode.swift; path = ImagePickerOld.swift; sourceTree = "<group>"; };
		B0C73C542868FA37003CCE92 /* GoogleService-Info.plist */ = {isa = PBXFileReference; fileEncoding = 4; lastKnownFileType = text.plist.xml; path = "GoogleService-Info.plist"; sourceTree = "<group>"; };
/* End PBXFileReference section */

/* Begin PBXFrameworksBuildPhase section */
		5886D3B728355FB60044938C /* Frameworks */ = {
			isa = PBXFrameworksBuildPhase;
			buildActionMask = 2147483647;
			files = (
				581A5ABF2887484200F2FB30 /* FirebaseMessaging in Frameworks */,
				581A5ABD2887484200F2FB30 /* FirebaseFirestoreSwift in Frameworks */,
				581A5AB72887484200F2FB30 /* FirebaseAnalytics in Frameworks */,
				581A5ABB2887484200F2FB30 /* FirebaseFirestore in Frameworks */,
				581A5AC12887484200F2FB30 /* FirebaseStorage in Frameworks */,
				581A5AB92887484200F2FB30 /* FirebaseAuth in Frameworks */,
				58CE642B2874B4F100DF2C77 /* Kingfisher in Frameworks */,
			);
			runOnlyForDeploymentPostprocessing = 0;
		};
/* End PBXFrameworksBuildPhase section */

/* Begin PBXGroup section */
		585DD2A62876CC020079E887 /* ViewModels */ = {
			isa = PBXGroup;
			children = (
				582D832428747A58002B153E /* UserViewModel.swift */,
				B0ADE207286CD72A0039D0C1 /* CartManager.swift */,
				58CE63E42874AC2400DF2C77 /* UserService.swift */,
				585DD2A72876CD800079E887 /* DebtService.swift */,
				58FA37B02876EB2F00988F37 /* CreditService.swift */,
				58BA174D287ABAB100B68D55 /* ArchiveService.swift */,
				581A5AB32886F27400F2FB30 /* NotificationManager.swift */,
			);
			path = ViewModels;
			sourceTree = "<group>";
		};
		5886D3B128355FB60044938C = {
			isa = PBXGroup;
			children = (
				B0C73C542868FA37003CCE92 /* GoogleService-Info.plist */,
				5886D3BC28355FB60044938C /* Saturday */,
				5886D3BB28355FB60044938C /* Products */,
			);
			sourceTree = "<group>";
		};
		5886D3BB28355FB60044938C /* Products */ = {
			isa = PBXGroup;
			children = (
				5886D3BA28355FB60044938C /* Saturday.app */,
			);
			name = Products;
			sourceTree = "<group>";
		};
		5886D3BC28355FB60044938C /* Saturday */ = {
			isa = PBXGroup;
			children = (
				5806C6EB2886E2B800B9F907 /* Info.plist */,
				5806C6EA2886E2A700B9F907 /* Saturday.entitlements */,
				5886D3BD28355FB60044938C /* SaturdayApp.swift */,
				5886D3BF28355FB60044938C /* ContentView.swift */,
				589820D92856637300719CCE /* SaturdayLogo.swift */,
				58AFC05D287EEC82008AB208 /* BottomBarView.swift */,
				588848E228815525000CD17B /* NavBarView.swift */,
				B0ADE209286CD7790039D0C1 /* Home */,
				58CE642C2874BC8B00DF2C77 /* Friends */,
				58CE643C287587EC00DF2C77 /* Split */,
				589820D628563D5F00719CCE /* Authentication */,
				58B3312C287343BD00C64E78 /* SideMenu */,
				585DD2A62876CC020079E887 /* ViewModels */,
				58CE641D2874ADC000DF2C77 /* Model */,
				58CE64332874C9B100DF2C77 /* Components */,
				58CE63DF287494EA00DF2C77 /* Utilities */,
				5886D3C328355FB80044938C /* Preview Content */,
				B0ADE1EC286CD5980039D0C1 /* SplitOld */,
				5886D3C128355FB80044938C /* Assets.xcassets */,
			);
			path = Saturday;
			sourceTree = "<group>";
		};
		5886D3C328355FB80044938C /* Preview Content */ = {
			isa = PBXGroup;
			children = (
				5886D3C428355FB80044938C /* Preview Assets.xcassets */,
				B09838632853A89900FB93FC /* Preview Data.swift */,
			);
			path = "Preview Content";
			sourceTree = "<group>";
		};
		589820D628563D5F00719CCE /* Authentication */ = {
			isa = PBXGroup;
			children = (
				B0084727285381E60081CFFF /* LogInView.swift */,
				589820DB28566AE300719CCE /* SignUpView.swift */,
				582D832D2874908A002B153E /* ProfilePictureSelectorView.swift */,
			);
			path = Authentication;
			sourceTree = "<group>";
		};
		58B3312C287343BD00C64E78 /* SideMenu */ = {
			isa = PBXGroup;
			children = (
				58B3312D287343D500C64E78 /* SideMenuView.swift */,
				58B3312F287343E000C64E78 /* SideMenuHeaderView.swift */,
				58B331312873443400C64E78 /* SideMenuOptionView.swift */,
			);
			path = SideMenu;
			sourceTree = "<group>";
		};
		58CE63DF287494EA00DF2C77 /* Utilities */ = {
			isa = PBXGroup;
			children = (
				5886D3CB283567CD0044938C /* Extensions.swift */,
				58CE63E02874950200DF2C77 /* ImagePicker.swift */,
				B032CB572864A845003FB01F /* TextProcessor.swift */,
				B032CB552864A384003FB01F /* TextExtractionModel.swift */,
				58CE63E22874A5B300DF2C77 /* ImageUploader.swift */,
			);
			path = Utilities;
			sourceTree = "<group>";
		};
		58CE641D2874ADC000DF2C77 /* Model */ = {
			isa = PBXGroup;
			children = (
				B0ADE20F286CD7B10039D0C1 /* Transaction.swift */,
				58CE641E2874ADF500DF2C77 /* User.swift */,
				585DD2A92876D3530079E887 /* Debt.swift */,
				585DD2AB2876D35A0079E887 /* Credit.swift */,
				58BA174F287ABADC00B68D55 /* Archive.swift */,
				58CE64452875D53700DF2C77 /* Item.swift */,
				58B6194328855B780008BC72 /* Tracker.swift */,
			);
			path = Model;
			sourceTree = "<group>";
		};
		58CE642C2874BC8B00DF2C77 /* Friends */ = {
			isa = PBXGroup;
			children = (
				58CE642F2874BD2E00DF2C77 /* FriendsView.swift */,
				58CE64312874BD7600DF2C77 /* UserRowView.swift */,
			);
			path = Friends;
			sourceTree = "<group>";
		};
		58CE64332874C9B100DF2C77 /* Components */ = {
			isa = PBXGroup;
			children = (
				58CE64342874C9C600DF2C77 /* SearchBar.swift */,
			);
			path = Components;
			sourceTree = "<group>";
		};
		58CE643C287587EC00DF2C77 /* Split */ = {
			isa = PBXGroup;
			children = (
				58CE643A287583E800DF2C77 /* AddUserRowView.swift */,
				58CE643D2875882000DF2C77 /* AddUserView.swift */,
				58CE643F28758CB800DF2C77 /* UserCardView.swift */,
				58D8762B28774D860046D716 /* UserCartView.swift */,
				58CE6443287596DC00DF2C77 /* ItemCardView.swift */,
				58CE64412875933B00DF2C77 /* SplitView.swift */,
				58CE644728762F7500DF2C77 /* SentView.swift */,
			);
			path = Split;
			sourceTree = "<group>";
		};
		B05CE700285789B00041BA60 /* LiveText */ = {
			isa = PBXGroup;
			children = (
				B0ADE215286CD9180039D0C1 /* ImagePickerOld.swift */,
			);
			path = LiveText;
			sourceTree = "<group>";
		};
		B0ADE1EC286CD5980039D0C1 /* SplitOld */ = {
			isa = PBXGroup;
			children = (
				B0ADE1ED286CD5D60039D0C1 /* SplitViewOld.swift */,
				B05CE700285789B00041BA60 /* LiveText */,
				B0ADE1EF286CD5EE0039D0C1 /* SubViews */,
				B0ADE1F8286CD6630039D0C1 /* Components */,
				B0ADE202286CD6EB0039D0C1 /* Models */,
			);
			path = SplitOld;
			sourceTree = "<group>";
		};
		B0ADE1EF286CD5EE0039D0C1 /* SubViews */ = {
			isa = PBXGroup;
			children = (
				B0ADE1F0286CD6190039D0C1 /* CartView.swift */,
				B0ADE1F2286CD62E0039D0C1 /* ConfirmView.swift */,
				B0ADE1F4286CD6400039D0C1 /* SentViewOld.swift */,
				B0ADE1F6286CD6510039D0C1 /* AddUserViewOld.swift */,
			);
			path = SubViews;
			sourceTree = "<group>";
		};
		B0ADE1F8286CD6630039D0C1 /* Components */ = {
			isa = PBXGroup;
			children = (
				B0ADE1F9286CD67C0039D0C1 /* UserCard.swift */,
				B0ADE1FB286CD6890039D0C1 /* UserRow.swift */,
				B0ADE1FD286CD6960039D0C1 /* ItemCard.swift */,
				B0ADE1FF286CD6A60039D0C1 /* ItemRow.swift */,
			);
			path = Components;
			sourceTree = "<group>";
		};
		B0ADE202286CD6EB0039D0C1 /* Models */ = {
			isa = PBXGroup;
			children = (
				B0ADE203286CD70F0039D0C1 /* ItemOld.swift */,
				B0ADE205286CD71D0039D0C1 /* UserOld.swift */,
			);
			name = Models;
			path = ../Models;
			sourceTree = "<group>";
		};
		B0ADE209286CD7790039D0C1 /* Home */ = {
			isa = PBXGroup;
			children = (
				B0ADE20A286CD7870039D0C1 /* HomeView.swift */,
				58FA37B228770D7F00988F37 /* CreditCardView.swift */,
				580C6A18287E070E00EA8D70 /* PeekCreditView.swift */,
				58B331372873712400C64E78 /* DebtCardView.swift */,
				58BF9C8A2880AD0C00756B58 /* HistoryCardView.swift */,
				58FA37B42877119500988F37 /* SettleDebtView.swift */,
				58D8762D287789D70046D716 /* PaymentView.swift */,
			);
			path = Home;
			sourceTree = "<group>";
		};
/* End PBXGroup section */

/* Begin PBXNativeTarget section */
		5886D3B928355FB60044938C /* Saturday */ = {
			isa = PBXNativeTarget;
			buildConfigurationList = 5886D3C828355FB80044938C /* Build configuration list for PBXNativeTarget "Saturday" */;
			buildPhases = (
				5886D3B628355FB60044938C /* Sources */,
				5886D3B728355FB60044938C /* Frameworks */,
				5886D3B828355FB60044938C /* Resources */,
			);
			buildRules = (
			);
			dependencies = (
			);
			name = Saturday;
			packageProductDependencies = (
				58CE642A2874B4F100DF2C77 /* Kingfisher */,
				581A5AB62887484200F2FB30 /* FirebaseAnalytics */,
				581A5AB82887484200F2FB30 /* FirebaseAuth */,
				581A5ABA2887484200F2FB30 /* FirebaseFirestore */,
				581A5ABC2887484200F2FB30 /* FirebaseFirestoreSwift */,
				581A5ABE2887484200F2FB30 /* FirebaseMessaging */,
				581A5AC02887484200F2FB30 /* FirebaseStorage */,
			);
			productName = Saturday;
			productReference = 5886D3BA28355FB60044938C /* Saturday.app */;
			productType = "com.apple.product-type.application";
		};
/* End PBXNativeTarget section */

/* Begin PBXProject section */
		5886D3B228355FB60044938C /* Project object */ = {
			isa = PBXProject;
			attributes = {
				BuildIndependentTargetsInParallel = 1;
				LastSwiftUpdateCheck = 1340;
				LastUpgradeCheck = 1340;
				TargetAttributes = {
					5886D3B928355FB60044938C = {
						CreatedOnToolsVersion = 13.4;
					};
				};
			};
			buildConfigurationList = 5886D3B528355FB60044938C /* Build configuration list for PBXProject "Saturday" */;
			compatibilityVersion = "Xcode 13.0";
			developmentRegion = en;
			hasScannedForEncodings = 0;
			knownRegions = (
				en,
				Base,
			);
			mainGroup = 5886D3B128355FB60044938C;
			packageReferences = (
				58CE64292874B4F100DF2C77 /* XCRemoteSwiftPackageReference "Kingfisher" */,
				581A5AB52887484200F2FB30 /* XCRemoteSwiftPackageReference "firebase-ios-sdk" */,
			);
			productRefGroup = 5886D3BB28355FB60044938C /* Products */;
			projectDirPath = "";
			projectRoot = "";
			targets = (
				5886D3B928355FB60044938C /* Saturday */,
			);
		};
/* End PBXProject section */

/* Begin PBXResourcesBuildPhase section */
		5886D3B828355FB60044938C /* Resources */ = {
			isa = PBXResourcesBuildPhase;
			buildActionMask = 2147483647;
			files = (
				5886D3C528355FB80044938C /* Preview Assets.xcassets in Resources */,
				5886D3C228355FB80044938C /* Assets.xcassets in Resources */,
				B0C73C552868FA37003CCE92 /* GoogleService-Info.plist in Resources */,
			);
			runOnlyForDeploymentPostprocessing = 0;
		};
/* End PBXResourcesBuildPhase section */

/* Begin PBXSourcesBuildPhase section */
		5886D3B628355FB60044938C /* Sources */ = {
			isa = PBXSourcesBuildPhase;
			buildActionMask = 2147483647;
			files = (
				58CE64302874BD2E00DF2C77 /* FriendsView.swift in Sources */,
				5886D3C028355FB60044938C /* ContentView.swift in Sources */,
				585DD2AA2876D3530079E887 /* Debt.swift in Sources */,
				58AFC05E287EEC82008AB208 /* BottomBarView.swift in Sources */,
				582D832E2874908A002B153E /* ProfilePictureSelectorView.swift in Sources */,
				580C6A19287E070E00EA8D70 /* PeekCreditView.swift in Sources */,
				58D8762C28774D860046D716 /* UserCartView.swift in Sources */,
				B0ADE1F1286CD6190039D0C1 /* CartView.swift in Sources */,
				58CE64422875933B00DF2C77 /* SplitView.swift in Sources */,
				58FA37B52877119500988F37 /* SettleDebtView.swift in Sources */,
				58CE63E32874A5B300DF2C77 /* ImageUploader.swift in Sources */,
				B0ADE1F3286CD62E0039D0C1 /* ConfirmView.swift in Sources */,
				B0ADE204286CD70F0039D0C1 /* ItemOld.swift in Sources */,
				58CE64352874C9C600DF2C77 /* SearchBar.swift in Sources */,
				58CE63E12874950200DF2C77 /* ImagePicker.swift in Sources */,
				B0ADE1F5286CD6400039D0C1 /* SentViewOld.swift in Sources */,
				58B3312E287343D500C64E78 /* SideMenuView.swift in Sources */,
				58CE64322874BD7600DF2C77 /* UserRowView.swift in Sources */,
				5886D3CC283567CD0044938C /* Extensions.swift in Sources */,
				B09838642853A89900FB93FC /* Preview Data.swift in Sources */,
				58D8762E287789D70046D716 /* PaymentView.swift in Sources */,
				B0ADE200286CD6A60039D0C1 /* ItemRow.swift in Sources */,
				B032CB582864A845003FB01F /* TextProcessor.swift in Sources */,
				58CE644828762F7800DF2C77 /* SentView.swift in Sources */,
				B0ADE208286CD72A0039D0C1 /* CartManager.swift in Sources */,
				58CE64462875D53700DF2C77 /* Item.swift in Sources */,
				58CE641F2874ADF500DF2C77 /* User.swift in Sources */,
				58B331322873443400C64E78 /* SideMenuOptionView.swift in Sources */,
				585DD2AC2876D35A0079E887 /* Credit.swift in Sources */,
				B0ADE206286CD71D0039D0C1 /* UserOld.swift in Sources */,
				58CE6444287596DC00DF2C77 /* ItemCardView.swift in Sources */,
				B0ADE1FA286CD67C0039D0C1 /* UserCard.swift in Sources */,
				B0ADE1EE286CD5D60039D0C1 /* SplitViewOld.swift in Sources */,
				58B33130287343E000C64E78 /* SideMenuHeaderView.swift in Sources */,
				581A5AB42886F27400F2FB30 /* NotificationManager.swift in Sources */,
				585DD2A82876CD800079E887 /* DebtService.swift in Sources */,
				58BA1750287ABADC00B68D55 /* Archive.swift in Sources */,
				58FA37B328770D7F00988F37 /* CreditCardView.swift in Sources */,
				B0084728285381E60081CFFF /* LogInView.swift in Sources */,
				B0ADE216286CD9180039D0C1 /* ImagePickerOld.swift in Sources */,
				58B6194428855B790008BC72 /* Tracker.swift in Sources */,
				58BF9C8B2880AD0C00756B58 /* HistoryCardView.swift in Sources */,
				589820DC28566AE400719CCE /* SignUpView.swift in Sources */,
				582D832528747A58002B153E /* UserViewModel.swift in Sources */,
				589820DA2856637400719CCE /* SaturdayLogo.swift in Sources */,
				58BA174E287ABAB100B68D55 /* ArchiveService.swift in Sources */,
				5886D3BE28355FB60044938C /* SaturdayApp.swift in Sources */,
				B0ADE1FC286CD6890039D0C1 /* UserRow.swift in Sources */,
				B0ADE1FE286CD6960039D0C1 /* ItemCard.swift in Sources */,
				B0ADE20B286CD7870039D0C1 /* HomeView.swift in Sources */,
				B032CB562864A384003FB01F /* TextExtractionModel.swift in Sources */,
				B0ADE210286CD7B10039D0C1 /* Transaction.swift in Sources */,
				58FA37B12876EB2F00988F37 /* CreditService.swift in Sources */,
				58CE63E52874AC2400DF2C77 /* UserService.swift in Sources */,
				588848E328815525000CD17B /* NavBarView.swift in Sources */,
				58B331382873712400C64E78 /* DebtCardView.swift in Sources */,
				58CE643B287583E900DF2C77 /* AddUserRowView.swift in Sources */,
				58CE644028758CB900DF2C77 /* UserCardView.swift in Sources */,
				58CE643E2875882000DF2C77 /* AddUserView.swift in Sources */,
				B0ADE1F7286CD6510039D0C1 /* AddUserViewOld.swift in Sources */,
			);
			runOnlyForDeploymentPostprocessing = 0;
		};
/* End PBXSourcesBuildPhase section */

/* Begin XCBuildConfiguration section */
		5886D3C628355FB80044938C /* Debug */ = {
			isa = XCBuildConfiguration;
			buildSettings = {
				ALWAYS_SEARCH_USER_PATHS = NO;
				CLANG_ANALYZER_NONNULL = YES;
				CLANG_ANALYZER_NUMBER_OBJECT_CONVERSION = YES_AGGRESSIVE;
				CLANG_CXX_LANGUAGE_STANDARD = "gnu++17";
				CLANG_ENABLE_MODULES = YES;
				CLANG_ENABLE_OBJC_ARC = YES;
				CLANG_ENABLE_OBJC_WEAK = YES;
				CLANG_WARN_BLOCK_CAPTURE_AUTORELEASING = YES;
				CLANG_WARN_BOOL_CONVERSION = YES;
				CLANG_WARN_COMMA = YES;
				CLANG_WARN_CONSTANT_CONVERSION = YES;
				CLANG_WARN_DEPRECATED_OBJC_IMPLEMENTATIONS = YES;
				CLANG_WARN_DIRECT_OBJC_ISA_USAGE = YES_ERROR;
				CLANG_WARN_DOCUMENTATION_COMMENTS = YES;
				CLANG_WARN_EMPTY_BODY = YES;
				CLANG_WARN_ENUM_CONVERSION = YES;
				CLANG_WARN_INFINITE_RECURSION = YES;
				CLANG_WARN_INT_CONVERSION = YES;
				CLANG_WARN_NON_LITERAL_NULL_CONVERSION = YES;
				CLANG_WARN_OBJC_IMPLICIT_RETAIN_SELF = YES;
				CLANG_WARN_OBJC_LITERAL_CONVERSION = YES;
				CLANG_WARN_OBJC_ROOT_CLASS = YES_ERROR;
				CLANG_WARN_QUOTED_INCLUDE_IN_FRAMEWORK_HEADER = YES;
				CLANG_WARN_RANGE_LOOP_ANALYSIS = YES;
				CLANG_WARN_STRICT_PROTOTYPES = YES;
				CLANG_WARN_SUSPICIOUS_MOVE = YES;
				CLANG_WARN_UNGUARDED_AVAILABILITY = YES_AGGRESSIVE;
				CLANG_WARN_UNREACHABLE_CODE = YES;
				CLANG_WARN__DUPLICATE_METHOD_MATCH = YES;
				COPY_PHASE_STRIP = NO;
				DEBUG_INFORMATION_FORMAT = dwarf;
				ENABLE_STRICT_OBJC_MSGSEND = YES;
				ENABLE_TESTABILITY = YES;
				GCC_C_LANGUAGE_STANDARD = gnu11;
				GCC_DYNAMIC_NO_PIC = NO;
				GCC_NO_COMMON_BLOCKS = YES;
				GCC_OPTIMIZATION_LEVEL = 0;
				GCC_PREPROCESSOR_DEFINITIONS = (
					"DEBUG=1",
					"$(inherited)",
				);
				GCC_WARN_64_TO_32_BIT_CONVERSION = YES;
				GCC_WARN_ABOUT_RETURN_TYPE = YES_ERROR;
				GCC_WARN_UNDECLARED_SELECTOR = YES;
				GCC_WARN_UNINITIALIZED_AUTOS = YES_AGGRESSIVE;
				GCC_WARN_UNUSED_FUNCTION = YES;
				GCC_WARN_UNUSED_VARIABLE = YES;
				IPHONEOS_DEPLOYMENT_TARGET = 15.5;
				MTL_ENABLE_DEBUG_INFO = INCLUDE_SOURCE;
				MTL_FAST_MATH = YES;
				ONLY_ACTIVE_ARCH = YES;
				SDKROOT = iphoneos;
				SWIFT_ACTIVE_COMPILATION_CONDITIONS = DEBUG;
				SWIFT_OPTIMIZATION_LEVEL = "-Onone";
			};
			name = Debug;
		};
		5886D3C728355FB80044938C /* Release */ = {
			isa = XCBuildConfiguration;
			buildSettings = {
				ALWAYS_SEARCH_USER_PATHS = NO;
				CLANG_ANALYZER_NONNULL = YES;
				CLANG_ANALYZER_NUMBER_OBJECT_CONVERSION = YES_AGGRESSIVE;
				CLANG_CXX_LANGUAGE_STANDARD = "gnu++17";
				CLANG_ENABLE_MODULES = YES;
				CLANG_ENABLE_OBJC_ARC = YES;
				CLANG_ENABLE_OBJC_WEAK = YES;
				CLANG_WARN_BLOCK_CAPTURE_AUTORELEASING = YES;
				CLANG_WARN_BOOL_CONVERSION = YES;
				CLANG_WARN_COMMA = YES;
				CLANG_WARN_CONSTANT_CONVERSION = YES;
				CLANG_WARN_DEPRECATED_OBJC_IMPLEMENTATIONS = YES;
				CLANG_WARN_DIRECT_OBJC_ISA_USAGE = YES_ERROR;
				CLANG_WARN_DOCUMENTATION_COMMENTS = YES;
				CLANG_WARN_EMPTY_BODY = YES;
				CLANG_WARN_ENUM_CONVERSION = YES;
				CLANG_WARN_INFINITE_RECURSION = YES;
				CLANG_WARN_INT_CONVERSION = YES;
				CLANG_WARN_NON_LITERAL_NULL_CONVERSION = YES;
				CLANG_WARN_OBJC_IMPLICIT_RETAIN_SELF = YES;
				CLANG_WARN_OBJC_LITERAL_CONVERSION = YES;
				CLANG_WARN_OBJC_ROOT_CLASS = YES_ERROR;
				CLANG_WARN_QUOTED_INCLUDE_IN_FRAMEWORK_HEADER = YES;
				CLANG_WARN_RANGE_LOOP_ANALYSIS = YES;
				CLANG_WARN_STRICT_PROTOTYPES = YES;
				CLANG_WARN_SUSPICIOUS_MOVE = YES;
				CLANG_WARN_UNGUARDED_AVAILABILITY = YES_AGGRESSIVE;
				CLANG_WARN_UNREACHABLE_CODE = YES;
				CLANG_WARN__DUPLICATE_METHOD_MATCH = YES;
				COPY_PHASE_STRIP = NO;
				DEBUG_INFORMATION_FORMAT = "dwarf-with-dsym";
				ENABLE_NS_ASSERTIONS = NO;
				ENABLE_STRICT_OBJC_MSGSEND = YES;
				GCC_C_LANGUAGE_STANDARD = gnu11;
				GCC_NO_COMMON_BLOCKS = YES;
				GCC_WARN_64_TO_32_BIT_CONVERSION = YES;
				GCC_WARN_ABOUT_RETURN_TYPE = YES_ERROR;
				GCC_WARN_UNDECLARED_SELECTOR = YES;
				GCC_WARN_UNINITIALIZED_AUTOS = YES_AGGRESSIVE;
				GCC_WARN_UNUSED_FUNCTION = YES;
				GCC_WARN_UNUSED_VARIABLE = YES;
				IPHONEOS_DEPLOYMENT_TARGET = 15.5;
				MTL_ENABLE_DEBUG_INFO = NO;
				MTL_FAST_MATH = YES;
				SDKROOT = iphoneos;
				SWIFT_COMPILATION_MODE = wholemodule;
				SWIFT_OPTIMIZATION_LEVEL = "-O";
				VALIDATE_PRODUCT = YES;
			};
			name = Release;
		};
		5886D3C928355FB80044938C /* Debug */ = {
			isa = XCBuildConfiguration;
			buildSettings = {
				ASSETCATALOG_COMPILER_APPICON_NAME = AppIcon;
				ASSETCATALOG_COMPILER_GLOBAL_ACCENT_COLOR_NAME = AccentColor;
				ASSETCATALOG_COMPILER_INCLUDE_ALL_APPICON_ASSETS = YES;
				CODE_SIGN_ENTITLEMENTS = Saturday/Saturday.entitlements;
				CODE_SIGN_STYLE = Automatic;
				CURRENT_PROJECT_VERSION = 1;
				DEVELOPMENT_ASSET_PATHS = "\"Saturday/Preview Content\"";
				DEVELOPMENT_TEAM = QFTDF2CU83;
				ENABLE_PREVIEWS = YES;
				GENERATE_INFOPLIST_FILE = YES;
				INFOPLIST_FILE = Saturday/Info.plist;
				INFOPLIST_KEY_CFBundleDisplayName = Saturday;
				INFOPLIST_KEY_UIApplicationSceneManifest_Generation = YES;
				INFOPLIST_KEY_UIApplicationSupportsIndirectInputEvents = YES;
				INFOPLIST_KEY_UILaunchScreen_Generation = YES;
				INFOPLIST_KEY_UISupportedInterfaceOrientations = UIInterfaceOrientationPortrait;
				INFOPLIST_KEY_UISupportedInterfaceOrientations_iPad = "UIInterfaceOrientationPortrait UIInterfaceOrientationPortraitUpsideDown UIInterfaceOrientationLandscapeLeft UIInterfaceOrientationLandscapeRight";
				INFOPLIST_KEY_UISupportedInterfaceOrientations_iPhone = UIInterfaceOrientationPortrait;
				IPHONEOS_DEPLOYMENT_TARGET = 15.5;
				LD_RUNPATH_SEARCH_PATHS = (
					"$(inherited)",
					"@executable_path/Frameworks",
				);
				MARKETING_VERSION = 1.0;
				PRODUCT_BUNDLE_IDENTIFIER = com.teamsaturdaydevs.Saturday;
				PRODUCT_NAME = "$(TARGET_NAME)";
				SWIFT_EMIT_LOC_STRINGS = YES;
				SWIFT_VERSION = 5.0;
				TARGETED_DEVICE_FAMILY = 1;
			};
			name = Debug;
		};
		5886D3CA28355FB80044938C /* Release */ = {
			isa = XCBuildConfiguration;
			buildSettings = {
				ASSETCATALOG_COMPILER_APPICON_NAME = AppIcon;
				ASSETCATALOG_COMPILER_GLOBAL_ACCENT_COLOR_NAME = AccentColor;
				ASSETCATALOG_COMPILER_INCLUDE_ALL_APPICON_ASSETS = YES;
				CODE_SIGN_ENTITLEMENTS = Saturday/Saturday.entitlements;
				CODE_SIGN_STYLE = Automatic;
				CURRENT_PROJECT_VERSION = 1;
				DEVELOPMENT_ASSET_PATHS = "\"Saturday/Preview Content\"";
				DEVELOPMENT_TEAM = QFTDF2CU83;
				ENABLE_PREVIEWS = YES;
				GENERATE_INFOPLIST_FILE = YES;
				INFOPLIST_FILE = Saturday/Info.plist;
				INFOPLIST_KEY_CFBundleDisplayName = Saturday;
				INFOPLIST_KEY_UIApplicationSceneManifest_Generation = YES;
				INFOPLIST_KEY_UIApplicationSupportsIndirectInputEvents = YES;
				INFOPLIST_KEY_UILaunchScreen_Generation = YES;
				INFOPLIST_KEY_UISupportedInterfaceOrientations = UIInterfaceOrientationPortrait;
				INFOPLIST_KEY_UISupportedInterfaceOrientations_iPad = "UIInterfaceOrientationPortrait UIInterfaceOrientationPortraitUpsideDown UIInterfaceOrientationLandscapeLeft UIInterfaceOrientationLandscapeRight";
				INFOPLIST_KEY_UISupportedInterfaceOrientations_iPhone = UIInterfaceOrientationPortrait;
				IPHONEOS_DEPLOYMENT_TARGET = 15.5;
				LD_RUNPATH_SEARCH_PATHS = (
					"$(inherited)",
					"@executable_path/Frameworks",
				);
				MARKETING_VERSION = 1.0;
				PRODUCT_BUNDLE_IDENTIFIER = com.teamsaturdaydevs.Saturday;
				PRODUCT_NAME = "$(TARGET_NAME)";
				SWIFT_EMIT_LOC_STRINGS = YES;
				SWIFT_VERSION = 5.0;
				TARGETED_DEVICE_FAMILY = 1;
			};
			name = Release;
		};
/* End XCBuildConfiguration section */

/* Begin XCConfigurationList section */
		5886D3B528355FB60044938C /* Build configuration list for PBXProject "Saturday" */ = {
			isa = XCConfigurationList;
			buildConfigurations = (
				5886D3C628355FB80044938C /* Debug */,
				5886D3C728355FB80044938C /* Release */,
			);
			defaultConfigurationIsVisible = 0;
			defaultConfigurationName = Release;
		};
		5886D3C828355FB80044938C /* Build configuration list for PBXNativeTarget "Saturday" */ = {
			isa = XCConfigurationList;
			buildConfigurations = (
				5886D3C928355FB80044938C /* Debug */,
				5886D3CA28355FB80044938C /* Release */,
			);
			defaultConfigurationIsVisible = 0;
			defaultConfigurationName = Release;
		};
/* End XCConfigurationList section */

/* Begin XCRemoteSwiftPackageReference section */
		581A5AB52887484200F2FB30 /* XCRemoteSwiftPackageReference "firebase-ios-sdk" */ = {
			isa = XCRemoteSwiftPackageReference;
			repositoryURL = "https://github.com/firebase/firebase-ios-sdk";
			requirement = {
				kind = upToNextMajorVersion;
				minimumVersion = 9.0.0;
			};
		};
		58CE64292874B4F100DF2C77 /* XCRemoteSwiftPackageReference "Kingfisher" */ = {
			isa = XCRemoteSwiftPackageReference;
			repositoryURL = "https://github.com/onevcat/Kingfisher.git";
			requirement = {
				kind = upToNextMajorVersion;
				minimumVersion = 7.0.0;
			};
		};
/* End XCRemoteSwiftPackageReference section */

/* Begin XCSwiftPackageProductDependency section */
		581A5AB62887484200F2FB30 /* FirebaseAnalytics */ = {
			isa = XCSwiftPackageProductDependency;
			package = 581A5AB52887484200F2FB30 /* XCRemoteSwiftPackageReference "firebase-ios-sdk" */;
			productName = FirebaseAnalytics;
		};
		581A5AB82887484200F2FB30 /* FirebaseAuth */ = {
			isa = XCSwiftPackageProductDependency;
			package = 581A5AB52887484200F2FB30 /* XCRemoteSwiftPackageReference "firebase-ios-sdk" */;
			productName = FirebaseAuth;
		};
		581A5ABA2887484200F2FB30 /* FirebaseFirestore */ = {
			isa = XCSwiftPackageProductDependency;
			package = 581A5AB52887484200F2FB30 /* XCRemoteSwiftPackageReference "firebase-ios-sdk" */;
			productName = FirebaseFirestore;
		};
		581A5ABC2887484200F2FB30 /* FirebaseFirestoreSwift */ = {
			isa = XCSwiftPackageProductDependency;
			package = 581A5AB52887484200F2FB30 /* XCRemoteSwiftPackageReference "firebase-ios-sdk" */;
			productName = FirebaseFirestoreSwift;
		};
		581A5ABE2887484200F2FB30 /* FirebaseMessaging */ = {
			isa = XCSwiftPackageProductDependency;
			package = 581A5AB52887484200F2FB30 /* XCRemoteSwiftPackageReference "firebase-ios-sdk" */;
			productName = FirebaseMessaging;
		};
		581A5AC02887484200F2FB30 /* FirebaseStorage */ = {
			isa = XCSwiftPackageProductDependency;
			package = 581A5AB52887484200F2FB30 /* XCRemoteSwiftPackageReference "firebase-ios-sdk" */;
			productName = FirebaseStorage;
		};
		58CE642A2874B4F100DF2C77 /* Kingfisher */ = {
			isa = XCSwiftPackageProductDependency;
			package = 58CE64292874B4F100DF2C77 /* XCRemoteSwiftPackageReference "Kingfisher" */;
			productName = Kingfisher;
		};
/* End XCSwiftPackageProductDependency section */
	};
	rootObject = 5886D3B228355FB60044938C /* Project object */;
}
